{
  "name": "@deps/debug",
  "version": "1.1.0",
  "lockfileVersion": 1,
  "requires": true,
  "dependencies": {
    "@types/node": {
      "version": "8.10.38",
      "resolved": "https://registry.npmjs.org/@types/node/-/node-8.10.38.tgz",
      "integrity": "sha512-EibsnbJerd0hBFaDjJStFrVbVBAtOy4dgL8zZFw0uOvPqzBAX59Ci8cgjg3+RgJIWhsB5A4c+pi+D4P9tQQh/A=="
    },
    "as-table": {
      "version": "1.0.36",
      "resolved": "https://registry.npmjs.org/as-table/-/as-table-1.0.36.tgz",
      "integrity": "sha1-449cheGEzX9u/iiF2NvIDCtzHsQ=",
      "requires": {
        "printable-characters": "1.0.42"
      }
    },
    "data-uri-to-buffer": {
      "version": "2.0.0",
      "resolved": "https://registry.npmjs.org/data-uri-to-buffer/-/data-uri-to-buffer-2.0.0.tgz",
      "integrity": "sha512-YbKCNLPPP4inc0E5If4OaalBc7gpaM2MRv77Pv2VThVComLKfbGYtJcdDCViDyp1Wd4SebhHLz94vp91zbK6bw==",
      "requires": {
        "@types/node": "8.10.38"
      }
    },
    "get-source": {
      "version": "1.0.27",
      "resolved": "https://registry.npmjs.org/get-source/-/get-source-1.0.27.tgz",
      "integrity": "sha1-uS+LXWFgergYJusi7dfeofSHCNk=",
      "requires": {
        "data-uri-to-buffer": "2.0.0",
        "source-map": "0.6.1"
      }
    },
    "printable-characters": {
      "version": "1.0.42",
      "resolved": "https://registry.npmjs.org/printable-characters/-/printable-characters-1.0.42.tgz",
      "integrity": "sha1-Pxjpd6m9jrN/zE/1ZZ176Qhos9g="
    },
    "source-map": {
      "version": "0.6.1",
      "resolved": "https://registry.npmjs.org/source-map/-/source-map-0.6.1.tgz",
      "integrity": "sha512-UjgapumWlbMhkBgzT7Ykc5YXUT46F0iKu8SGXq0bcwP5dz/h0Plj6enJqjz1Zbq2l5WaqYnrVbwWOWMyF3F47g=="
    },
    "stacktracey": {
      "version": "1.2.106",
      "resolved": "https://registry.npmjs.org/stacktracey/-/stacktracey-1.2.106.tgz",
      "integrity": "sha512-+JwWUcpFn+vCqEFkG7mBsxbjloy0S43tZv5qTbYvxps9bN3/jxTUIfa7Y+kjDzsbRq8GQRAilQZmxvWm6LTwxg==",
      "requires": {
        "as-table": "1.0.36",
        "get-source": "1.0.27"
      }
    }
  }
}
